
Microsoft Visual Studio Solution File, Format Version 12.00
# Visual Studio 15
VisualStudioVersion = 15.0.27703.2035
MinimumVisualStudioVersion = 10.0.40219.1
Project("{FAE04EC0-301F-11D3-BF4B-00C04F79EFBC}") = "ShopBlu.Common", "ShopBlu.Common\ShopBlu.Common.csproj", "{F7CDD99E-AC21-4770-BD69-25C8FFDA8CFE}"
EndProject
Project("{FAE04EC0-301F-11D3-BF4B-00C04F79EFBC}") = "ShopBlu.Model", "ShopBlu.Model\ShopBlu.Model.csproj", "{C624B464-06D2-42D1-BAB2-9E561309A8A3}"
EndProject
Project("{FAE04EC0-301F-11D3-BF4B-00C04F79EFBC}") = "ShopBlu.Data", "ShopBlu.Data\ShopBlu.Data.csproj", "{35477440-2097-47A7-953D-245E30C7C1F1}"
EndProject
Project("{FAE04EC0-301F-11D3-BF4B-00C04F79EFBC}") = "ShopBlu.Service", "ShopBlu.Service\ShopBlu.Service.csproj", "{1696DD3D-19C8-4620-A963-C2EC82D3F7DE}"
EndProject
Project("{FAE04EC0-301F-11D3-BF4B-00C04F79EFBC}") = "ShopBlu.UnitTest", "ShopBlu.UnitTest\ShopBlu.UnitTest.csproj", "{D4CC15A3-7F24-475D-88B5-2D06C99BA2DC}"
EndProject
Project("{FAE04EC0-301F-11D3-BF4B-00C04F79EFBC}") = "ShopBlu.Web", "ShopBlu.Web\ShopBlu.Web.csproj", "{E76DF5C3-FE3F-4F6E-8F64-D1FF8461886E}"
EndProject
Global
	GlobalSection(SolutionConfigurationPlatforms) = preSolution
		Debug|Any CPU = Debug|Any CPU
		Release|Any CPU = Release|Any CPU
	EndGlobalSection
	GlobalSection(ProjectConfigurationPlatforms) = postSolution
		{F7CDD99E-AC21-4770-BD69-25C8FFDA8CFE}.Debug|Any CPU.ActiveCfg = Debug|Any CPU
		{F7CDD99E-AC21-4770-BD69-25C8FFDA8CFE}.Debug|Any CPU.Build.0 = Debug|Any CPU
		{F7CDD99E-AC21-4770-BD69-25C8FFDA8CFE}.Release|Any CPU.ActiveCfg = Release|Any CPU
		{F7CDD99E-AC21-4770-BD69-25C8FFDA8CFE}.Release|Any CPU.Build.0 = Release|Any CPU
		{C624B464-06D2-42D1-BAB2-9E561309A8A3}.Debug|Any CPU.ActiveCfg = Debug|Any CPU
		{C624B464-06D2-42D1-BAB2-9E561309A8A3}.Debug|Any CPU.Build.0 = Debug|Any CPU
		{C624B464-06D2-42D1-BAB2-9E561309A8A3}.Release|Any CPU.ActiveCfg = Release|Any CPU
		{C624B464-06D2-42D1-BAB2-9E561309A8A3}.Release|Any CPU.Build.0 = Release|Any CPU
		{35477440-2097-47A7-953D-245E30C7C1F1}.Debug|Any CPU.ActiveCfg = Debug|Any CPU
		{35477440-2097-47A7-953D-245E30C7C1F1}.Debug|Any CPU.Build.0 = Debug|Any CPU
		{35477440-2097-47A7-953D-245E30C7C1F1}.Release|Any CPU.ActiveCfg = Release|Any CPU
		{35477440-2097-47A7-953D-245E30C7C1F1}.Release|Any CPU.Build.0 = Release|Any CPU
		{1696DD3D-19C8-4620-A963-C2EC82D3F7DE}.Debug|Any CPU.ActiveCfg = Debug|Any CPU
		{1696DD3D-19C8-4620-A963-C2EC82D3F7DE}.Debug|Any CPU.Build.0 = Debug|Any CPU
		{1696DD3D-19C8-4620-A963-C2EC82D3F7DE}.Release|Any CPU.ActiveCfg = Release|Any CPU
		{1696DD3D-19C8-4620-A963-C2EC82D3F7DE}.Release|Any CPU.Build.0 = Release|Any CPU
		{D4CC15A3-7F24-475D-88B5-2D06C99BA2DC}.Debug|Any CPU.ActiveCfg = Debug|Any CPU
		{D4CC15A3-7F24-475D-88B5-2D06C99BA2DC}.Debug|Any CPU.Build.0 = Debug|Any CPU
		{D4CC15A3-7F24-475D-88B5-2D06C99BA2DC}.Release|Any CPU.ActiveCfg = Release|Any CPU
		{D4CC15A3-7F24-475D-88B5-2D06C99BA2DC}.Release|Any CPU.Build.0 = Release|Any CPU
		{E76DF5C3-FE3F-4F6E-8F64-D1FF8461886E}.Debug|Any CPU.ActiveCfg = Debug|Any CPU
		{E76DF5C3-FE3F-4F6E-8F64-D1FF8461886E}.Debug|Any CPU.Build.0 = Debug|Any CPU
		{E76DF5C3-FE3F-4F6E-8F64-D1FF8461886E}.Release|Any CPU.ActiveCfg = Release|Any CPU
		{E76DF5C3-FE3F-4F6E-8F64-D1FF8461886E}.Release|Any CPU.Build.0 = Release|Any CPU
	EndGlobalSection
	GlobalSection(SolutionProperties) = preSolution
		HideSolutionNode = FALSE
	EndGlobalSection
	GlobalSection(ExtensibilityGlobals) = postSolution
		SolutionGuid = {6033EC52-C8AB-4DE1-86D5-E9F32082CD41}
	EndGlobalSection
EndGlobal
